
Microsoft Visual Studio Solution File, Format Version 12.00
# Visual Studio Version 18
VisualStudioVersion = 18.3.11520.95
MinimumVisualStudioVersion = 10.0.40219.1
Project("{9A19103F-16F7-4668-BE54-9A1E7A4F7556}") = "Pandacap", "Pandacap\Pandacap.csproj", "{E47DCE8F-3440-4D95-988D-7C96117BF290}"
EndProject
Project("{9A19103F-16F7-4668-BE54-9A1E7A4F7556}") = "Pandacap.Functions", "Pandacap.Functions\Pandacap.Functions.csproj", "{B160B3FE-5D6C-4EB7-BA23-302E23C78A65}"
EndProject
Project("{2150E333-8FDC-42A3-9474-1A3956D46DE8}") = "Solution Items", "Solution Items", "{39068975-2E0C-4D90-998B-FCC117452B03}"
	ProjectSection(SolutionItems) = preProject
		.gitattributes = .gitattributes
		.gitignore = .gitignore
		LICENSE.txt = LICENSE.txt
		post-embedding-index.json = post-embedding-index.json
		README.md = README.md
		weasyl_proxy.php = weasyl_proxy.php
		weasyl_submit.php = weasyl_submit.php
	EndProjectSection
EndProject
Project("{9A19103F-16F7-4668-BE54-9A1E7A4F7556}") = "Pandacap.HighLevel", "Pandacap.HighLevel\Pandacap.HighLevel.csproj", "{93190CA6-63CC-4AA5-9FA2-2CA0215ABA61}"
EndProject
Project("{F2A71F9B-5D33-465A-A702-920D77279786}") = "Pandacap.LowLevel", "Pandacap.LowLevel\Pandacap.LowLevel.fsproj", "{FDC319D0-37C3-4599-99EE-8D1DF523620E}"
EndProject
Project("{2150E333-8FDC-42A3-9474-1A3956D46DE8}") = "FurAffinity", "FurAffinity", "{620B7719-A4D3-4D2E-98B8-C6C11F3F29DF}"
EndProject
Project("{F2A71F9B-5D33-465A-A702-920D77279786}") = "Pandacap.FurAffinity", "Pandacap.FurAffinity\Pandacap.FurAffinity.fsproj", "{EA206027-4316-D855-715C-B002BA7EAEFB}"
EndProject
Project("{F2A71F9B-5D33-465A-A702-920D77279786}") = "Pandacap.FurAffinity.Models", "Pandacap.FurAffinity.Models\Pandacap.FurAffinity.Models.fsproj", "{BC439168-2E1A-B6CC-7A42-1AD49F5D6CCB}"
EndProject
Project("{F184B08F-C81C-45F6-A57F-5ABD9991F28F}") = "Pandacap.FurAffinity.Interfaces", "Pandacap.FurAffinity.Interfaces\Pandacap.FurAffinity.Interfaces.vbproj", "{011EC86B-F2E3-0AF8-F226-9D7E51E2BDFE}"
EndProject
Project("{FAE04EC0-301F-11D3-BF4B-00C04F79EFBC}") = "Pandacap.FurAffinity.Extensions", "Pandacap.FurAffinity.Extensions\Pandacap.FurAffinity.Extensions.csproj", "{E2F70826-3F23-48C2-ACF5-70471A391E8C}"
EndProject
Project("{2150E333-8FDC-42A3-9474-1A3956D46DE8}") = "Weasyl", "Weasyl", "{B6B64DB4-8214-4E97-BCAE-F834CC9D429C}"
EndProject
Project("{F184B08F-C81C-45F6-A57F-5ABD9991F28F}") = "Pandacap.Weasyl.Interfaces", "Pandacap.Weasyl.Interfaces\Pandacap.Weasyl.Interfaces.vbproj", "{F69349B9-5042-4E1D-9D19-3C68E82BC347}"
EndProject
Project("{F2A71F9B-5D33-465A-A702-920D77279786}") = "Pandacap.Weasyl.Models", "Pandacap.Weasyl.Models\Pandacap.Weasyl.Models.fsproj", "{18754B5E-A1CD-43CE-8ED9-7185A1CDEB50}"
EndProject
Project("{F184B08F-C81C-45F6-A57F-5ABD9991F28F}") = "Pandacap.Weasyl.Scraping.Interfaces", "Pandacap.Weasyl.Scraping.Interfaces\Pandacap.Weasyl.Scraping.Interfaces.vbproj", "{0EDDF4CF-7D44-49E1-BC27-CAC5E0BEDAAB}"
EndProject
Project("{F2A71F9B-5D33-465A-A702-920D77279786}") = "Pandacap.Weasyl.Scraping.Models", "Pandacap.Weasyl.Scraping.Models\Pandacap.Weasyl.Scraping.Models.fsproj", "{58572359-8B71-4BAD-9A7D-3AA9738990FE}"
EndProject
Project("{FAE04EC0-301F-11D3-BF4B-00C04F79EFBC}") = "Pandacap.Weasyl", "Pandacap.Weasyl\Pandacap.Weasyl.csproj", "{3E0DEE0B-5277-4D3D-BD45-65E4814E77DA}"
EndProject
Global
	GlobalSection(SolutionConfigurationPlatforms) = preSolution
		Debug|Any CPU = Debug|Any CPU
		Release|Any CPU = Release|Any CPU
	EndGlobalSection
	GlobalSection(ProjectConfigurationPlatforms) = postSolution
		{E47DCE8F-3440-4D95-988D-7C96117BF290}.Debug|Any CPU.ActiveCfg = Debug|Any CPU
		{E47DCE8F-3440-4D95-988D-7C96117BF290}.Debug|Any CPU.Build.0 = Debug|Any CPU
		{E47DCE8F-3440-4D95-988D-7C96117BF290}.Release|Any CPU.ActiveCfg = Release|Any CPU
		{E47DCE8F-3440-4D95-988D-7C96117BF290}.Release|Any CPU.Build.0 = Release|Any CPU
		{B160B3FE-5D6C-4EB7-BA23-302E23C78A65}.Debug|Any CPU.ActiveCfg = Debug|Any CPU
		{B160B3FE-5D6C-4EB7-BA23-302E23C78A65}.Debug|Any CPU.Build.0 = Debug|Any CPU
		{B160B3FE-5D6C-4EB7-BA23-302E23C78A65}.Release|Any CPU.ActiveCfg = Release|Any CPU
		{B160B3FE-5D6C-4EB7-BA23-302E23C78A65}.Release|Any CPU.Build.0 = Release|Any CPU
		{93190CA6-63CC-4AA5-9FA2-2CA0215ABA61}.Debug|Any CPU.ActiveCfg = Debug|Any CPU
		{93190CA6-63CC-4AA5-9FA2-2CA0215ABA61}.Debug|Any CPU.Build.0 = Debug|Any CPU
		{93190CA6-63CC-4AA5-9FA2-2CA0215ABA61}.Release|Any CPU.ActiveCfg = Release|Any CPU
		{93190CA6-63CC-4AA5-9FA2-2CA0215ABA61}.Release|Any CPU.Build.0 = Release|Any CPU
		{FDC319D0-37C3-4599-99EE-8D1DF523620E}.Debug|Any CPU.ActiveCfg = Debug|Any CPU
		{FDC319D0-37C3-4599-99EE-8D1DF523620E}.Debug|Any CPU.Build.0 = Debug|Any CPU
		{FDC319D0-37C3-4599-99EE-8D1DF523620E}.Release|Any CPU.ActiveCfg = Release|Any CPU
		{FDC319D0-37C3-4599-99EE-8D1DF523620E}.Release|Any CPU.Build.0 = Release|Any CPU
		{EA206027-4316-D855-715C-B002BA7EAEFB}.Debug|Any CPU.ActiveCfg = Debug|Any CPU
		{EA206027-4316-D855-715C-B002BA7EAEFB}.Debug|Any CPU.Build.0 = Debug|Any CPU
		{EA206027-4316-D855-715C-B002BA7EAEFB}.Release|Any CPU.ActiveCfg = Release|Any CPU
		{EA206027-4316-D855-715C-B002BA7EAEFB}.Release|Any CPU.Build.0 = Release|Any CPU
		{BC439168-2E1A-B6CC-7A42-1AD49F5D6CCB}.Debug|Any CPU.ActiveCfg = Debug|Any CPU
		{BC439168-2E1A-B6CC-7A42-1AD49F5D6CCB}.Debug|Any CPU.Build.0 = Debug|Any CPU
		{BC439168-2E1A-B6CC-7A42-1AD49F5D6CCB}.Release|Any CPU.ActiveCfg = Release|Any CPU
		{BC439168-2E1A-B6CC-7A42-1AD49F5D6CCB}.Release|Any CPU.Build.0 = Release|Any CPU
		{011EC86B-F2E3-0AF8-F226-9D7E51E2BDFE}.Debug|Any CPU.ActiveCfg = Debug|Any CPU
		{011EC86B-F2E3-0AF8-F226-9D7E51E2BDFE}.Debug|Any CPU.Build.0 = Debug|Any CPU
		{011EC86B-F2E3-0AF8-F226-9D7E51E2BDFE}.Release|Any CPU.ActiveCfg = Release|Any CPU
		{011EC86B-F2E3-0AF8-F226-9D7E51E2BDFE}.Release|Any CPU.Build.0 = Release|Any CPU
		{E2F70826-3F23-48C2-ACF5-70471A391E8C}.Debug|Any CPU.ActiveCfg = Debug|Any CPU
		{E2F70826-3F23-48C2-ACF5-70471A391E8C}.Debug|Any CPU.Build.0 = Debug|Any CPU
		{E2F70826-3F23-48C2-ACF5-70471A391E8C}.Release|Any CPU.ActiveCfg = Release|Any CPU
		{E2F70826-3F23-48C2-ACF5-70471A391E8C}.Release|Any CPU.Build.0 = Release|Any CPU
		{F69349B9-5042-4E1D-9D19-3C68E82BC347}.Debug|Any CPU.ActiveCfg = Debug|Any CPU
		{F69349B9-5042-4E1D-9D19-3C68E82BC347}.Debug|Any CPU.Build.0 = Debug|Any CPU
		{F69349B9-5042-4E1D-9D19-3C68E82BC347}.Release|Any CPU.ActiveCfg = Release|Any CPU
		{F69349B9-5042-4E1D-9D19-3C68E82BC347}.Release|Any CPU.Build.0 = Release|Any CPU
		{18754B5E-A1CD-43CE-8ED9-7185A1CDEB50}.Debug|Any CPU.ActiveCfg = Debug|Any CPU
		{18754B5E-A1CD-43CE-8ED9-7185A1CDEB50}.Debug|Any CPU.Build.0 = Debug|Any CPU
		{18754B5E-A1CD-43CE-8ED9-7185A1CDEB50}.Release|Any CPU.ActiveCfg = Release|Any CPU
		{18754B5E-A1CD-43CE-8ED9-7185A1CDEB50}.Release|Any CPU.Build.0 = Release|Any CPU
		{0EDDF4CF-7D44-49E1-BC27-CAC5E0BEDAAB}.Debug|Any CPU.ActiveCfg = Debug|Any CPU
		{0EDDF4CF-7D44-49E1-BC27-CAC5E0BEDAAB}.Debug|Any CPU.Build.0 = Debug|Any CPU
		{0EDDF4CF-7D44-49E1-BC27-CAC5E0BEDAAB}.Release|Any CPU.ActiveCfg = Release|Any CPU
		{0EDDF4CF-7D44-49E1-BC27-CAC5E0BEDAAB}.Release|Any CPU.Build.0 = Release|Any CPU
		{58572359-8B71-4BAD-9A7D-3AA9738990FE}.Debug|Any CPU.ActiveCfg = Debug|Any CPU
		{58572359-8B71-4BAD-9A7D-3AA9738990FE}.Debug|Any CPU.Build.0 = Debug|Any CPU
		{58572359-8B71-4BAD-9A7D-3AA9738990FE}.Release|Any CPU.ActiveCfg = Release|Any CPU
		{58572359-8B71-4BAD-9A7D-3AA9738990FE}.Release|Any CPU.Build.0 = Release|Any CPU
		{3E0DEE0B-5277-4D3D-BD45-65E4814E77DA}.Debug|Any CPU.ActiveCfg = Debug|Any CPU
		{3E0DEE0B-5277-4D3D-BD45-65E4814E77DA}.Debug|Any CPU.Build.0 = Debug|Any CPU
		{3E0DEE0B-5277-4D3D-BD45-65E4814E77DA}.Release|Any CPU.ActiveCfg = Release|Any CPU
		{3E0DEE0B-5277-4D3D-BD45-65E4814E77DA}.Release|Any CPU.Build.0 = Release|Any CPU
	EndGlobalSection
	GlobalSection(SolutionProperties) = preSolution
		HideSolutionNode = FALSE
	EndGlobalSection
	GlobalSection(NestedProjects) = preSolution
		{EA206027-4316-D855-715C-B002BA7EAEFB} = {620B7719-A4D3-4D2E-98B8-C6C11F3F29DF}
		{BC439168-2E1A-B6CC-7A42-1AD49F5D6CCB} = {620B7719-A4D3-4D2E-98B8-C6C11F3F29DF}
		{011EC86B-F2E3-0AF8-F226-9D7E51E2BDFE} = {620B7719-A4D3-4D2E-98B8-C6C11F3F29DF}
		{E2F70826-3F23-48C2-ACF5-70471A391E8C} = {620B7719-A4D3-4D2E-98B8-C6C11F3F29DF}
		{F69349B9-5042-4E1D-9D19-3C68E82BC347} = {B6B64DB4-8214-4E97-BCAE-F834CC9D429C}
		{18754B5E-A1CD-43CE-8ED9-7185A1CDEB50} = {B6B64DB4-8214-4E97-BCAE-F834CC9D429C}
		{0EDDF4CF-7D44-49E1-BC27-CAC5E0BEDAAB} = {B6B64DB4-8214-4E97-BCAE-F834CC9D429C}
		{58572359-8B71-4BAD-9A7D-3AA9738990FE} = {B6B64DB4-8214-4E97-BCAE-F834CC9D429C}
		{3E0DEE0B-5277-4D3D-BD45-65E4814E77DA} = {B6B64DB4-8214-4E97-BCAE-F834CC9D429C}
	EndGlobalSection
	GlobalSection(ExtensibilityGlobals) = postSolution
		SolutionGuid = {8C08DE20-491B-46B3-B451-95EA64B8F4AE}
	EndGlobalSection
EndGlobal
