
Microsoft Visual Studio Solution File, Format Version 12.00
# Visual Studio Version 17
VisualStudioVersion = 17.10.34916.146
MinimumVisualStudioVersion = 10.0.40219.1
Project("{9A19103F-16F7-4668-BE54-9A1E7A4F7556}") = "Pandacap", "Pandacap\Pandacap.csproj", "{E47DCE8F-3440-4D95-988D-7C96117BF290}"
EndProject
Project("{6EC3EE1D-3C4E-46DD-8F32-0CC8E7565705}") = "Pandacap.LowLevel", "Pandacap.LowLevel\Pandacap.LowLevel.fsproj", "{0087F1A2-2219-455B-934C-FD2D33D0F426}"
EndProject
Project("{9A19103F-16F7-4668-BE54-9A1E7A4F7556}") = "Pandacap.Functions", "Pandacap.Functions\Pandacap.Functions.csproj", "{B160B3FE-5D6C-4EB7-BA23-302E23C78A65}"
EndProject
Project("{2150E333-8FDC-42A3-9474-1A3956D46DE8}") = "Solution Items", "Solution Items", "{39068975-2E0C-4D90-998B-FCC117452B03}"
	ProjectSection(SolutionItems) = preProject
		.gitattributes = .gitattributes
		.gitignore = .gitignore
		LICENSE.txt = LICENSE.txt
		README.md = README.md
		weasyl_proxy.php = weasyl_proxy.php
		weasyl_submit.php = weasyl_submit.php
	EndProjectSection
EndProject
Project("{9A19103F-16F7-4668-BE54-9A1E7A4F7556}") = "Pandacap.HighLevel", "Pandacap.HighLevel\Pandacap.HighLevel.csproj", "{93190CA6-63CC-4AA5-9FA2-2CA0215ABA61}"
EndProject
Project("{6EC3EE1D-3C4E-46DD-8F32-0CC8E7565705}") = "Pandacap.Data", "Pandacap.Data\Pandacap.Data.fsproj", "{0F1B8765-B396-4FA1-8FAF-647ADA96A5AD}"
EndProject
Project("{9A19103F-16F7-4668-BE54-9A1E7A4F7556}") = "Pandacap.Tests", "Pandacap.Tests\Pandacap.Tests.csproj", "{E6BCEBD7-BF66-4986-BA2B-65B129E23DC6}"
EndProject
Project("{6EC3EE1D-3C4E-46DD-8F32-0CC8E7565705}") = "Pandacap.Html", "Pandacap.Html\Pandacap.Html.fsproj", "{88E1DE6B-F930-4F6B-B191-281F0012FA73}"
EndProject
Project("{6EC3EE1D-3C4E-46DD-8F32-0CC8E7565705}") = "Pandacap.Types", "Pandacap.Types\Pandacap.Types.fsproj", "{13F9274F-AB35-42B6-9B60-3B3616B4194C}"
EndProject
Project("{F2A71F9B-5D33-465A-A702-920D77279786}") = "Pandacap.ActivityPub", "Pandacap.ActivityPub\Pandacap.ActivityPub.fsproj", "{8F43C106-1B33-47F5-BCB1-BC82A46D4E5B}"
EndProject
Project("{F2A71F9B-5D33-465A-A702-920D77279786}") = "Pandacap.ConfigurationObjects", "Pandacap.ConfigurationObjects\Pandacap.ConfigurationObjects.fsproj", "{383CC952-483B-4B5B-A905-35C5BEB53F94}"
EndProject
Project("{FAE04EC0-301F-11D3-BF4B-00C04F79EFBC}") = "Pandacap.ActivityPub.Communication", "Pandacap.ActivityPub.Communication\Pandacap.ActivityPub.Communication.csproj", "{A26903A2-1B74-473F-8CC9-A6851600B6F6}"
EndProject
Project("{F2A71F9B-5D33-465A-A702-920D77279786}") = "Pandacap.ActivityPub.Inbound", "Pandacap.ActivityPub.Inbound\Pandacap.ActivityPub.Inbound.fsproj", "{A59A72F6-CABD-4406-8FDA-F02BE301C8DA}"
EndProject
Project("{F2A71F9B-5D33-465A-A702-920D77279786}") = "Pandacap.FurAffinity", "Pandacap.FurAffinity\Pandacap.FurAffinity.fsproj", "{B9EB0193-2B7A-48F1-B685-4862F66AF00C}"
EndProject
Global
	GlobalSection(SolutionConfigurationPlatforms) = preSolution
		Debug|Any CPU = Debug|Any CPU
		Release|Any CPU = Release|Any CPU
	EndGlobalSection
	GlobalSection(ProjectConfigurationPlatforms) = postSolution
		{E47DCE8F-3440-4D95-988D-7C96117BF290}.Debug|Any CPU.ActiveCfg = Debug|Any CPU
		{E47DCE8F-3440-4D95-988D-7C96117BF290}.Debug|Any CPU.Build.0 = Debug|Any CPU
		{E47DCE8F-3440-4D95-988D-7C96117BF290}.Release|Any CPU.ActiveCfg = Release|Any CPU
		{E47DCE8F-3440-4D95-988D-7C96117BF290}.Release|Any CPU.Build.0 = Release|Any CPU
		{0087F1A2-2219-455B-934C-FD2D33D0F426}.Debug|Any CPU.ActiveCfg = Debug|Any CPU
		{0087F1A2-2219-455B-934C-FD2D33D0F426}.Debug|Any CPU.Build.0 = Debug|Any CPU
		{0087F1A2-2219-455B-934C-FD2D33D0F426}.Release|Any CPU.ActiveCfg = Release|Any CPU
		{0087F1A2-2219-455B-934C-FD2D33D0F426}.Release|Any CPU.Build.0 = Release|Any CPU
		{B160B3FE-5D6C-4EB7-BA23-302E23C78A65}.Debug|Any CPU.ActiveCfg = Debug|Any CPU
		{B160B3FE-5D6C-4EB7-BA23-302E23C78A65}.Debug|Any CPU.Build.0 = Debug|Any CPU
		{B160B3FE-5D6C-4EB7-BA23-302E23C78A65}.Release|Any CPU.ActiveCfg = Release|Any CPU
		{B160B3FE-5D6C-4EB7-BA23-302E23C78A65}.Release|Any CPU.Build.0 = Release|Any CPU
		{93190CA6-63CC-4AA5-9FA2-2CA0215ABA61}.Debug|Any CPU.ActiveCfg = Debug|Any CPU
		{93190CA6-63CC-4AA5-9FA2-2CA0215ABA61}.Debug|Any CPU.Build.0 = Debug|Any CPU
		{93190CA6-63CC-4AA5-9FA2-2CA0215ABA61}.Release|Any CPU.ActiveCfg = Release|Any CPU
		{93190CA6-63CC-4AA5-9FA2-2CA0215ABA61}.Release|Any CPU.Build.0 = Release|Any CPU
		{0F1B8765-B396-4FA1-8FAF-647ADA96A5AD}.Debug|Any CPU.ActiveCfg = Debug|Any CPU
		{0F1B8765-B396-4FA1-8FAF-647ADA96A5AD}.Debug|Any CPU.Build.0 = Debug|Any CPU
		{0F1B8765-B396-4FA1-8FAF-647ADA96A5AD}.Release|Any CPU.ActiveCfg = Release|Any CPU
		{0F1B8765-B396-4FA1-8FAF-647ADA96A5AD}.Release|Any CPU.Build.0 = Release|Any CPU
		{E6BCEBD7-BF66-4986-BA2B-65B129E23DC6}.Debug|Any CPU.ActiveCfg = Debug|Any CPU
		{E6BCEBD7-BF66-4986-BA2B-65B129E23DC6}.Debug|Any CPU.Build.0 = Debug|Any CPU
		{E6BCEBD7-BF66-4986-BA2B-65B129E23DC6}.Release|Any CPU.ActiveCfg = Release|Any CPU
		{E6BCEBD7-BF66-4986-BA2B-65B129E23DC6}.Release|Any CPU.Build.0 = Release|Any CPU
		{88E1DE6B-F930-4F6B-B191-281F0012FA73}.Debug|Any CPU.ActiveCfg = Debug|Any CPU
		{88E1DE6B-F930-4F6B-B191-281F0012FA73}.Debug|Any CPU.Build.0 = Debug|Any CPU
		{88E1DE6B-F930-4F6B-B191-281F0012FA73}.Release|Any CPU.ActiveCfg = Release|Any CPU
		{88E1DE6B-F930-4F6B-B191-281F0012FA73}.Release|Any CPU.Build.0 = Release|Any CPU
		{13F9274F-AB35-42B6-9B60-3B3616B4194C}.Debug|Any CPU.ActiveCfg = Debug|Any CPU
		{13F9274F-AB35-42B6-9B60-3B3616B4194C}.Debug|Any CPU.Build.0 = Debug|Any CPU
		{13F9274F-AB35-42B6-9B60-3B3616B4194C}.Release|Any CPU.ActiveCfg = Release|Any CPU
		{13F9274F-AB35-42B6-9B60-3B3616B4194C}.Release|Any CPU.Build.0 = Release|Any CPU
		{8F43C106-1B33-47F5-BCB1-BC82A46D4E5B}.Debug|Any CPU.ActiveCfg = Debug|Any CPU
		{8F43C106-1B33-47F5-BCB1-BC82A46D4E5B}.Debug|Any CPU.Build.0 = Debug|Any CPU
		{8F43C106-1B33-47F5-BCB1-BC82A46D4E5B}.Release|Any CPU.ActiveCfg = Release|Any CPU
		{8F43C106-1B33-47F5-BCB1-BC82A46D4E5B}.Release|Any CPU.Build.0 = Release|Any CPU
		{383CC952-483B-4B5B-A905-35C5BEB53F94}.Debug|Any CPU.ActiveCfg = Debug|Any CPU
		{383CC952-483B-4B5B-A905-35C5BEB53F94}.Debug|Any CPU.Build.0 = Debug|Any CPU
		{383CC952-483B-4B5B-A905-35C5BEB53F94}.Release|Any CPU.ActiveCfg = Release|Any CPU
		{383CC952-483B-4B5B-A905-35C5BEB53F94}.Release|Any CPU.Build.0 = Release|Any CPU
		{A26903A2-1B74-473F-8CC9-A6851600B6F6}.Debug|Any CPU.ActiveCfg = Debug|Any CPU
		{A26903A2-1B74-473F-8CC9-A6851600B6F6}.Debug|Any CPU.Build.0 = Debug|Any CPU
		{A26903A2-1B74-473F-8CC9-A6851600B6F6}.Release|Any CPU.ActiveCfg = Release|Any CPU
		{A26903A2-1B74-473F-8CC9-A6851600B6F6}.Release|Any CPU.Build.0 = Release|Any CPU
		{A59A72F6-CABD-4406-8FDA-F02BE301C8DA}.Debug|Any CPU.ActiveCfg = Debug|Any CPU
		{A59A72F6-CABD-4406-8FDA-F02BE301C8DA}.Debug|Any CPU.Build.0 = Debug|Any CPU
		{A59A72F6-CABD-4406-8FDA-F02BE301C8DA}.Release|Any CPU.ActiveCfg = Release|Any CPU
		{A59A72F6-CABD-4406-8FDA-F02BE301C8DA}.Release|Any CPU.Build.0 = Release|Any CPU
		{B9EB0193-2B7A-48F1-B685-4862F66AF00C}.Debug|Any CPU.ActiveCfg = Debug|Any CPU
		{B9EB0193-2B7A-48F1-B685-4862F66AF00C}.Debug|Any CPU.Build.0 = Debug|Any CPU
		{B9EB0193-2B7A-48F1-B685-4862F66AF00C}.Release|Any CPU.ActiveCfg = Release|Any CPU
		{B9EB0193-2B7A-48F1-B685-4862F66AF00C}.Release|Any CPU.Build.0 = Release|Any CPU
	EndGlobalSection
	GlobalSection(SolutionProperties) = preSolution
		HideSolutionNode = FALSE
	EndGlobalSection
	GlobalSection(ExtensibilityGlobals) = postSolution
		SolutionGuid = {8C08DE20-491B-46B3-B451-95EA64B8F4AE}
	EndGlobalSection
EndGlobal
