
Microsoft Visual Studio Solution File, Format Version 12.00
# Visual Studio Version 18
VisualStudioVersion = 18.3.11520.95
MinimumVisualStudioVersion = 10.0.40219.1
Project("{9A19103F-16F7-4668-BE54-9A1E7A4F7556}") = "Pandacap", "Pandacap\Pandacap.csproj", "{E47DCE8F-3440-4D95-988D-7C96117BF290}"
EndProject
Project("{9A19103F-16F7-4668-BE54-9A1E7A4F7556}") = "Pandacap.Functions", "Pandacap.Functions\Pandacap.Functions.csproj", "{B160B3FE-5D6C-4EB7-BA23-302E23C78A65}"
EndProject
Project("{2150E333-8FDC-42A3-9474-1A3956D46DE8}") = "Solution Items", "Solution Items", "{39068975-2E0C-4D90-998B-FCC117452B03}"
	ProjectSection(SolutionItems) = preProject
		.gitattributes = .gitattributes
		.gitignore = .gitignore
		LICENSE.txt = LICENSE.txt
		post-embedding-index.json = post-embedding-index.json
		README.md = README.md
		weasyl_proxy.php = weasyl_proxy.php
		weasyl_submit.php = weasyl_submit.php
	EndProjectSection
EndProject
Project("{9A19103F-16F7-4668-BE54-9A1E7A4F7556}") = "Pandacap.HighLevel", "Pandacap.HighLevel\Pandacap.HighLevel.csproj", "{93190CA6-63CC-4AA5-9FA2-2CA0215ABA61}"
EndProject
Project("{F2A71F9B-5D33-465A-A702-920D77279786}") = "Pandacap.LowLevel", "Pandacap.LowLevel\Pandacap.LowLevel.fsproj", "{FDC319D0-37C3-4599-99EE-8D1DF523620E}"
EndProject
Project("{2150E333-8FDC-42A3-9474-1A3956D46DE8}") = "FurAffinity", "FurAffinity", "{620B7719-A4D3-4D2E-98B8-C6C11F3F29DF}"
EndProject
Project("{F2A71F9B-5D33-465A-A702-920D77279786}") = "Pandacap.FurAffinity", "Pandacap.FurAffinity\Pandacap.FurAffinity.fsproj", "{EA206027-4316-D855-715C-B002BA7EAEFB}"
EndProject
Project("{F2A71F9B-5D33-465A-A702-920D77279786}") = "Pandacap.FurAffinity.Models", "Pandacap.FurAffinity.Models\Pandacap.FurAffinity.Models.fsproj", "{BC439168-2E1A-B6CC-7A42-1AD49F5D6CCB}"
EndProject
Project("{F184B08F-C81C-45F6-A57F-5ABD9991F28F}") = "Pandacap.FurAffinity.Interfaces", "Pandacap.FurAffinity.Interfaces\Pandacap.FurAffinity.Interfaces.vbproj", "{011EC86B-F2E3-0AF8-F226-9D7E51E2BDFE}"
EndProject
Project("{FAE04EC0-301F-11D3-BF4B-00C04F79EFBC}") = "Pandacap.FurAffinity.Extensions", "Pandacap.FurAffinity.Extensions\Pandacap.FurAffinity.Extensions.csproj", "{E2F70826-3F23-48C2-ACF5-70471A391E8C}"
EndProject
Project("{2150E333-8FDC-42A3-9474-1A3956D46DE8}") = "Weasyl", "Weasyl", "{B6B64DB4-8214-4E97-BCAE-F834CC9D429C}"
EndProject
Project("{F184B08F-C81C-45F6-A57F-5ABD9991F28F}") = "Pandacap.Weasyl.Interfaces", "Pandacap.Weasyl.Interfaces\Pandacap.Weasyl.Interfaces.vbproj", "{F69349B9-5042-4E1D-9D19-3C68E82BC347}"
EndProject
Project("{F2A71F9B-5D33-465A-A702-920D77279786}") = "Pandacap.Weasyl.Models", "Pandacap.Weasyl.Models\Pandacap.Weasyl.Models.fsproj", "{18754B5E-A1CD-43CE-8ED9-7185A1CDEB50}"
EndProject
Project("{F184B08F-C81C-45F6-A57F-5ABD9991F28F}") = "Pandacap.Weasyl.Scraping.Interfaces", "Pandacap.Weasyl.Scraping.Interfaces\Pandacap.Weasyl.Scraping.Interfaces.vbproj", "{0EDDF4CF-7D44-49E1-BC27-CAC5E0BEDAAB}"
EndProject
Project("{F2A71F9B-5D33-465A-A702-920D77279786}") = "Pandacap.Weasyl.Scraping.Models", "Pandacap.Weasyl.Scraping.Models\Pandacap.Weasyl.Scraping.Models.fsproj", "{58572359-8B71-4BAD-9A7D-3AA9738990FE}"
EndProject
Project("{FAE04EC0-301F-11D3-BF4B-00C04F79EFBC}") = "Pandacap.Weasyl", "Pandacap.Weasyl\Pandacap.Weasyl.csproj", "{3E0DEE0B-5277-4D3D-BD45-65E4814E77DA}"
EndProject
Project("{FAE04EC0-301F-11D3-BF4B-00C04F79EFBC}") = "Pandacap.FurAffinity.Tests", "Pandacap.FurAffinity.Tests\Pandacap.FurAffinity.Tests.csproj", "{3B585B06-0A39-48A1-8E9E-78FB752C9567}"
EndProject
Project("{FAE04EC0-301F-11D3-BF4B-00C04F79EFBC}") = "Pandacap.Weasyl.Tests", "Pandacap.Weasyl.Tests\Pandacap.Weasyl.Tests.csproj", "{2958F3C8-4A17-4DA0-B67E-8B829244E8A6}"
EndProject
Project("{2150E333-8FDC-42A3-9474-1A3956D46DE8}") = "ActivityPub", "ActivityPub", "{2E469DE0-E906-46AD-8023-2EAA3339E55B}"
EndProject
Project("{FAE04EC0-301F-11D3-BF4B-00C04F79EFBC}") = "Pandacap.ActivityPub.Signatures", "Pandacap.ActivityPub.Signatures\Pandacap.ActivityPub.Signatures.csproj", "{5C2696FC-4ACF-4C40-9DE6-CC03AB9B58FC}"
EndProject
Project("{F184B08F-C81C-45F6-A57F-5ABD9991F28F}") = "Pandacap.ActivityPub.Signatures.Interfaces", "Pandacap.ActivityPub.Signatures.Interfaces\Pandacap.ActivityPub.Signatures.Interfaces.vbproj", "{7D668449-F199-49AF-8B99-D08390B7AF37}"
EndProject
Project("{FAE04EC0-301F-11D3-BF4B-00C04F79EFBC}") = "Pandacap.ActivityPub.Signatures.Tests", "Pandacap.ActivityPub.Signatures.Tests\Pandacap.ActivityPub.Signatures.Tests.csproj", "{B6A0256C-FC1B-48D0-83DA-727389B069CE}"
EndProject
Project("{F2A71F9B-5D33-465A-A702-920D77279786}") = "Pandacap.Weasyl.Scraping", "Pandacap.Weasyl.Scraping\Pandacap.Weasyl.Scraping.fsproj", "{BC0A08B1-3F1F-426B-A98E-C825C593F8A8}"
EndProject
Project("{F2A71F9B-5D33-465A-A702-920D77279786}") = "Pandacap.UI.Badges", "Pandacap.UI.Badges\Pandacap.UI.Badges.fsproj", "{88E3F365-3EFA-4582-83A1-71B86C61CBD4}"
EndProject
Project("{2150E333-8FDC-42A3-9474-1A3956D46DE8}") = "UI", "UI", "{4E0B26E6-B1AA-41FA-BE02-9947E9CD7DF5}"
EndProject
Project("{2150E333-8FDC-42A3-9474-1A3956D46DE8}") = "Shared", "Shared", "{F4386087-38D2-47DB-977A-A7B116726F16}"
EndProject
Project("{FAE04EC0-301F-11D3-BF4B-00C04F79EFBC}") = "Pandacap.Database", "Pandacap.Database\Pandacap.Database.csproj", "{F1EBFCB3-2C3C-41EC-977F-5BD88ED16321}"
EndProject
Project("{F2A71F9B-5D33-465A-A702-920D77279786}") = "Pandacap.Constants", "Pandacap.Constants\Pandacap.Constants.fsproj", "{78154F96-453C-4834-B1C5-DD0FA957BF90}"
EndProject
Project("{F2A71F9B-5D33-465A-A702-920D77279786}") = "Pandacap.Text", "Pandacap.Text\Pandacap.Text.fsproj", "{1EB822A4-F197-46B7-AA37-DB16AC787A68}"
EndProject
Project("{FAE04EC0-301F-11D3-BF4B-00C04F79EFBC}") = "Pandacap.UI.Elements", "Pandacap.UI.Elements\Pandacap.UI.Elements.csproj", "{9E9FF837-71C3-4C33-84CF-856DF4874438}"
EndProject
Project("{FAE04EC0-301F-11D3-BF4B-00C04F79EFBC}") = "Pandacap.ActivityPub.Models.Interfaces", "Pandacap.ActivityPub.Models.Interfaces\Pandacap.ActivityPub.Models.Interfaces.csproj", "{B42B723B-97E5-4889-8E31-277F1B1E9DB6}"
EndProject
Project("{F2A71F9B-5D33-465A-A702-920D77279786}") = "Pandacap.ActivityPub.Models", "Pandacap.ActivityPub.Models\Pandacap.ActivityPub.Models.fsproj", "{2AC6C033-21C6-4AED-8571-2D1DB39ECD88}"
EndProject
Project("{F2A71F9B-5D33-465A-A702-920D77279786}") = "Pandacap.ActivityPub.Services", "Pandacap.ActivityPub.Services\Pandacap.ActivityPub.Services.fsproj", "{47CA9C73-985A-4F7C-8EDC-8B345BF206FA}"
EndProject
Project("{F184B08F-C81C-45F6-A57F-5ABD9991F28F}") = "Pandacap.ActivityPub.Services.Interfaces", "Pandacap.ActivityPub.Services.Interfaces\Pandacap.ActivityPub.Services.Interfaces.vbproj", "{97EC6910-FDBA-4F73-893E-68D7B1C2FA4F}"
EndProject
Project("{FAE04EC0-301F-11D3-BF4B-00C04F79EFBC}") = "Pandacap.ActivityPub.Static", "Pandacap.ActivityPub.Static\Pandacap.ActivityPub.Static.csproj", "{EC1C9F28-C6F2-4FC1-9273-E3F3761AD46F}"
EndProject
Project("{F184B08F-C81C-45F6-A57F-5ABD9991F28F}") = "Pandacap.ActivityPub.Services.Inbound.Interfaces", "Pandacap.ActivityPub.Services.Inbound.Interfaces\Pandacap.ActivityPub.Services.Inbound.Interfaces.vbproj", "{9332EC00-619A-49CD-8D85-8E1422756E78}"
EndProject
Project("{F2A71F9B-5D33-465A-A702-920D77279786}") = "Pandacap.ActivityPub.Services.Inbound", "Pandacap.ActivityPub.Services.Inbound\Pandacap.ActivityPub.Services.Inbound.fsproj", "{6A0CF02C-BAC9-4687-9B1B-FB7D82DEEB3F}"
EndProject
Project("{F2A71F9B-5D33-465A-A702-920D77279786}") = "Pandacap.ActivityPub.Models.Inbound", "Pandacap.ActivityPub.Models.Inbound\Pandacap.ActivityPub.Models.Inbound.fsproj", "{BE953C4C-C744-4D77-A7F5-63BFD4603C3E}"
EndProject
Global
	GlobalSection(SolutionConfigurationPlatforms) = preSolution
		Debug|Any CPU = Debug|Any CPU
		Release|Any CPU = Release|Any CPU
	EndGlobalSection
	GlobalSection(ProjectConfigurationPlatforms) = postSolution
		{E47DCE8F-3440-4D95-988D-7C96117BF290}.Debug|Any CPU.ActiveCfg = Debug|Any CPU
		{E47DCE8F-3440-4D95-988D-7C96117BF290}.Debug|Any CPU.Build.0 = Debug|Any CPU
		{E47DCE8F-3440-4D95-988D-7C96117BF290}.Release|Any CPU.ActiveCfg = Release|Any CPU
		{E47DCE8F-3440-4D95-988D-7C96117BF290}.Release|Any CPU.Build.0 = Release|Any CPU
		{B160B3FE-5D6C-4EB7-BA23-302E23C78A65}.Debug|Any CPU.ActiveCfg = Debug|Any CPU
		{B160B3FE-5D6C-4EB7-BA23-302E23C78A65}.Debug|Any CPU.Build.0 = Debug|Any CPU
		{B160B3FE-5D6C-4EB7-BA23-302E23C78A65}.Release|Any CPU.ActiveCfg = Release|Any CPU
		{B160B3FE-5D6C-4EB7-BA23-302E23C78A65}.Release|Any CPU.Build.0 = Release|Any CPU
		{93190CA6-63CC-4AA5-9FA2-2CA0215ABA61}.Debug|Any CPU.ActiveCfg = Debug|Any CPU
		{93190CA6-63CC-4AA5-9FA2-2CA0215ABA61}.Debug|Any CPU.Build.0 = Debug|Any CPU
		{93190CA6-63CC-4AA5-9FA2-2CA0215ABA61}.Release|Any CPU.ActiveCfg = Release|Any CPU
		{93190CA6-63CC-4AA5-9FA2-2CA0215ABA61}.Release|Any CPU.Build.0 = Release|Any CPU
		{FDC319D0-37C3-4599-99EE-8D1DF523620E}.Debug|Any CPU.ActiveCfg = Debug|Any CPU
		{FDC319D0-37C3-4599-99EE-8D1DF523620E}.Debug|Any CPU.Build.0 = Debug|Any CPU
		{FDC319D0-37C3-4599-99EE-8D1DF523620E}.Release|Any CPU.ActiveCfg = Release|Any CPU
		{FDC319D0-37C3-4599-99EE-8D1DF523620E}.Release|Any CPU.Build.0 = Release|Any CPU
		{EA206027-4316-D855-715C-B002BA7EAEFB}.Debug|Any CPU.ActiveCfg = Debug|Any CPU
		{EA206027-4316-D855-715C-B002BA7EAEFB}.Debug|Any CPU.Build.0 = Debug|Any CPU
		{EA206027-4316-D855-715C-B002BA7EAEFB}.Release|Any CPU.ActiveCfg = Release|Any CPU
		{EA206027-4316-D855-715C-B002BA7EAEFB}.Release|Any CPU.Build.0 = Release|Any CPU
		{BC439168-2E1A-B6CC-7A42-1AD49F5D6CCB}.Debug|Any CPU.ActiveCfg = Debug|Any CPU
		{BC439168-2E1A-B6CC-7A42-1AD49F5D6CCB}.Debug|Any CPU.Build.0 = Debug|Any CPU
		{BC439168-2E1A-B6CC-7A42-1AD49F5D6CCB}.Release|Any CPU.ActiveCfg = Release|Any CPU
		{BC439168-2E1A-B6CC-7A42-1AD49F5D6CCB}.Release|Any CPU.Build.0 = Release|Any CPU
		{011EC86B-F2E3-0AF8-F226-9D7E51E2BDFE}.Debug|Any CPU.ActiveCfg = Debug|Any CPU
		{011EC86B-F2E3-0AF8-F226-9D7E51E2BDFE}.Debug|Any CPU.Build.0 = Debug|Any CPU
		{011EC86B-F2E3-0AF8-F226-9D7E51E2BDFE}.Release|Any CPU.ActiveCfg = Release|Any CPU
		{011EC86B-F2E3-0AF8-F226-9D7E51E2BDFE}.Release|Any CPU.Build.0 = Release|Any CPU
		{E2F70826-3F23-48C2-ACF5-70471A391E8C}.Debug|Any CPU.ActiveCfg = Debug|Any CPU
		{E2F70826-3F23-48C2-ACF5-70471A391E8C}.Debug|Any CPU.Build.0 = Debug|Any CPU
		{E2F70826-3F23-48C2-ACF5-70471A391E8C}.Release|Any CPU.ActiveCfg = Release|Any CPU
		{E2F70826-3F23-48C2-ACF5-70471A391E8C}.Release|Any CPU.Build.0 = Release|Any CPU
		{F69349B9-5042-4E1D-9D19-3C68E82BC347}.Debug|Any CPU.ActiveCfg = Debug|Any CPU
		{F69349B9-5042-4E1D-9D19-3C68E82BC347}.Debug|Any CPU.Build.0 = Debug|Any CPU
		{F69349B9-5042-4E1D-9D19-3C68E82BC347}.Release|Any CPU.ActiveCfg = Release|Any CPU
		{F69349B9-5042-4E1D-9D19-3C68E82BC347}.Release|Any CPU.Build.0 = Release|Any CPU
		{18754B5E-A1CD-43CE-8ED9-7185A1CDEB50}.Debug|Any CPU.ActiveCfg = Debug|Any CPU
		{18754B5E-A1CD-43CE-8ED9-7185A1CDEB50}.Debug|Any CPU.Build.0 = Debug|Any CPU
		{18754B5E-A1CD-43CE-8ED9-7185A1CDEB50}.Release|Any CPU.ActiveCfg = Release|Any CPU
		{18754B5E-A1CD-43CE-8ED9-7185A1CDEB50}.Release|Any CPU.Build.0 = Release|Any CPU
		{0EDDF4CF-7D44-49E1-BC27-CAC5E0BEDAAB}.Debug|Any CPU.ActiveCfg = Debug|Any CPU
		{0EDDF4CF-7D44-49E1-BC27-CAC5E0BEDAAB}.Debug|Any CPU.Build.0 = Debug|Any CPU
		{0EDDF4CF-7D44-49E1-BC27-CAC5E0BEDAAB}.Release|Any CPU.ActiveCfg = Release|Any CPU
		{0EDDF4CF-7D44-49E1-BC27-CAC5E0BEDAAB}.Release|Any CPU.Build.0 = Release|Any CPU
		{58572359-8B71-4BAD-9A7D-3AA9738990FE}.Debug|Any CPU.ActiveCfg = Debug|Any CPU
		{58572359-8B71-4BAD-9A7D-3AA9738990FE}.Debug|Any CPU.Build.0 = Debug|Any CPU
		{58572359-8B71-4BAD-9A7D-3AA9738990FE}.Release|Any CPU.ActiveCfg = Release|Any CPU
		{58572359-8B71-4BAD-9A7D-3AA9738990FE}.Release|Any CPU.Build.0 = Release|Any CPU
		{3E0DEE0B-5277-4D3D-BD45-65E4814E77DA}.Debug|Any CPU.ActiveCfg = Debug|Any CPU
		{3E0DEE0B-5277-4D3D-BD45-65E4814E77DA}.Debug|Any CPU.Build.0 = Debug|Any CPU
		{3E0DEE0B-5277-4D3D-BD45-65E4814E77DA}.Release|Any CPU.ActiveCfg = Release|Any CPU
		{3E0DEE0B-5277-4D3D-BD45-65E4814E77DA}.Release|Any CPU.Build.0 = Release|Any CPU
		{3B585B06-0A39-48A1-8E9E-78FB752C9567}.Debug|Any CPU.ActiveCfg = Debug|Any CPU
		{3B585B06-0A39-48A1-8E9E-78FB752C9567}.Debug|Any CPU.Build.0 = Debug|Any CPU
		{3B585B06-0A39-48A1-8E9E-78FB752C9567}.Release|Any CPU.ActiveCfg = Release|Any CPU
		{3B585B06-0A39-48A1-8E9E-78FB752C9567}.Release|Any CPU.Build.0 = Release|Any CPU
		{2958F3C8-4A17-4DA0-B67E-8B829244E8A6}.Debug|Any CPU.ActiveCfg = Debug|Any CPU
		{2958F3C8-4A17-4DA0-B67E-8B829244E8A6}.Debug|Any CPU.Build.0 = Debug|Any CPU
		{2958F3C8-4A17-4DA0-B67E-8B829244E8A6}.Release|Any CPU.ActiveCfg = Release|Any CPU
		{2958F3C8-4A17-4DA0-B67E-8B829244E8A6}.Release|Any CPU.Build.0 = Release|Any CPU
		{5C2696FC-4ACF-4C40-9DE6-CC03AB9B58FC}.Debug|Any CPU.ActiveCfg = Debug|Any CPU
		{5C2696FC-4ACF-4C40-9DE6-CC03AB9B58FC}.Debug|Any CPU.Build.0 = Debug|Any CPU
		{5C2696FC-4ACF-4C40-9DE6-CC03AB9B58FC}.Release|Any CPU.ActiveCfg = Release|Any CPU
		{5C2696FC-4ACF-4C40-9DE6-CC03AB9B58FC}.Release|Any CPU.Build.0 = Release|Any CPU
		{7D668449-F199-49AF-8B99-D08390B7AF37}.Debug|Any CPU.ActiveCfg = Debug|Any CPU
		{7D668449-F199-49AF-8B99-D08390B7AF37}.Debug|Any CPU.Build.0 = Debug|Any CPU
		{7D668449-F199-49AF-8B99-D08390B7AF37}.Release|Any CPU.ActiveCfg = Release|Any CPU
		{7D668449-F199-49AF-8B99-D08390B7AF37}.Release|Any CPU.Build.0 = Release|Any CPU
		{B6A0256C-FC1B-48D0-83DA-727389B069CE}.Debug|Any CPU.ActiveCfg = Debug|Any CPU
		{B6A0256C-FC1B-48D0-83DA-727389B069CE}.Debug|Any CPU.Build.0 = Debug|Any CPU
		{B6A0256C-FC1B-48D0-83DA-727389B069CE}.Release|Any CPU.ActiveCfg = Release|Any CPU
		{B6A0256C-FC1B-48D0-83DA-727389B069CE}.Release|Any CPU.Build.0 = Release|Any CPU
		{BC0A08B1-3F1F-426B-A98E-C825C593F8A8}.Debug|Any CPU.ActiveCfg = Debug|Any CPU
		{BC0A08B1-3F1F-426B-A98E-C825C593F8A8}.Debug|Any CPU.Build.0 = Debug|Any CPU
		{BC0A08B1-3F1F-426B-A98E-C825C593F8A8}.Release|Any CPU.ActiveCfg = Release|Any CPU
		{BC0A08B1-3F1F-426B-A98E-C825C593F8A8}.Release|Any CPU.Build.0 = Release|Any CPU
		{88E3F365-3EFA-4582-83A1-71B86C61CBD4}.Debug|Any CPU.ActiveCfg = Debug|Any CPU
		{88E3F365-3EFA-4582-83A1-71B86C61CBD4}.Debug|Any CPU.Build.0 = Debug|Any CPU
		{88E3F365-3EFA-4582-83A1-71B86C61CBD4}.Release|Any CPU.ActiveCfg = Release|Any CPU
		{88E3F365-3EFA-4582-83A1-71B86C61CBD4}.Release|Any CPU.Build.0 = Release|Any CPU
		{F1EBFCB3-2C3C-41EC-977F-5BD88ED16321}.Debug|Any CPU.ActiveCfg = Debug|Any CPU
		{F1EBFCB3-2C3C-41EC-977F-5BD88ED16321}.Debug|Any CPU.Build.0 = Debug|Any CPU
		{F1EBFCB3-2C3C-41EC-977F-5BD88ED16321}.Release|Any CPU.ActiveCfg = Release|Any CPU
		{F1EBFCB3-2C3C-41EC-977F-5BD88ED16321}.Release|Any CPU.Build.0 = Release|Any CPU
		{78154F96-453C-4834-B1C5-DD0FA957BF90}.Debug|Any CPU.ActiveCfg = Debug|Any CPU
		{78154F96-453C-4834-B1C5-DD0FA957BF90}.Debug|Any CPU.Build.0 = Debug|Any CPU
		{78154F96-453C-4834-B1C5-DD0FA957BF90}.Release|Any CPU.ActiveCfg = Release|Any CPU
		{78154F96-453C-4834-B1C5-DD0FA957BF90}.Release|Any CPU.Build.0 = Release|Any CPU
		{1EB822A4-F197-46B7-AA37-DB16AC787A68}.Debug|Any CPU.ActiveCfg = Debug|Any CPU
		{1EB822A4-F197-46B7-AA37-DB16AC787A68}.Debug|Any CPU.Build.0 = Debug|Any CPU
		{1EB822A4-F197-46B7-AA37-DB16AC787A68}.Release|Any CPU.ActiveCfg = Release|Any CPU
		{1EB822A4-F197-46B7-AA37-DB16AC787A68}.Release|Any CPU.Build.0 = Release|Any CPU
		{9E9FF837-71C3-4C33-84CF-856DF4874438}.Debug|Any CPU.ActiveCfg = Debug|Any CPU
		{9E9FF837-71C3-4C33-84CF-856DF4874438}.Debug|Any CPU.Build.0 = Debug|Any CPU
		{9E9FF837-71C3-4C33-84CF-856DF4874438}.Release|Any CPU.ActiveCfg = Release|Any CPU
		{9E9FF837-71C3-4C33-84CF-856DF4874438}.Release|Any CPU.Build.0 = Release|Any CPU
		{B42B723B-97E5-4889-8E31-277F1B1E9DB6}.Debug|Any CPU.ActiveCfg = Debug|Any CPU
		{B42B723B-97E5-4889-8E31-277F1B1E9DB6}.Debug|Any CPU.Build.0 = Debug|Any CPU
		{B42B723B-97E5-4889-8E31-277F1B1E9DB6}.Release|Any CPU.ActiveCfg = Release|Any CPU
		{B42B723B-97E5-4889-8E31-277F1B1E9DB6}.Release|Any CPU.Build.0 = Release|Any CPU
		{2AC6C033-21C6-4AED-8571-2D1DB39ECD88}.Debug|Any CPU.ActiveCfg = Debug|Any CPU
		{2AC6C033-21C6-4AED-8571-2D1DB39ECD88}.Debug|Any CPU.Build.0 = Debug|Any CPU
		{2AC6C033-21C6-4AED-8571-2D1DB39ECD88}.Release|Any CPU.ActiveCfg = Release|Any CPU
		{2AC6C033-21C6-4AED-8571-2D1DB39ECD88}.Release|Any CPU.Build.0 = Release|Any CPU
		{47CA9C73-985A-4F7C-8EDC-8B345BF206FA}.Debug|Any CPU.ActiveCfg = Debug|Any CPU
		{47CA9C73-985A-4F7C-8EDC-8B345BF206FA}.Debug|Any CPU.Build.0 = Debug|Any CPU
		{47CA9C73-985A-4F7C-8EDC-8B345BF206FA}.Release|Any CPU.ActiveCfg = Release|Any CPU
		{47CA9C73-985A-4F7C-8EDC-8B345BF206FA}.Release|Any CPU.Build.0 = Release|Any CPU
		{97EC6910-FDBA-4F73-893E-68D7B1C2FA4F}.Debug|Any CPU.ActiveCfg = Debug|Any CPU
		{97EC6910-FDBA-4F73-893E-68D7B1C2FA4F}.Debug|Any CPU.Build.0 = Debug|Any CPU
		{97EC6910-FDBA-4F73-893E-68D7B1C2FA4F}.Release|Any CPU.ActiveCfg = Release|Any CPU
		{97EC6910-FDBA-4F73-893E-68D7B1C2FA4F}.Release|Any CPU.Build.0 = Release|Any CPU
		{EC1C9F28-C6F2-4FC1-9273-E3F3761AD46F}.Debug|Any CPU.ActiveCfg = Debug|Any CPU
		{EC1C9F28-C6F2-4FC1-9273-E3F3761AD46F}.Debug|Any CPU.Build.0 = Debug|Any CPU
		{EC1C9F28-C6F2-4FC1-9273-E3F3761AD46F}.Release|Any CPU.ActiveCfg = Release|Any CPU
		{EC1C9F28-C6F2-4FC1-9273-E3F3761AD46F}.Release|Any CPU.Build.0 = Release|Any CPU
		{9332EC00-619A-49CD-8D85-8E1422756E78}.Debug|Any CPU.ActiveCfg = Debug|Any CPU
		{9332EC00-619A-49CD-8D85-8E1422756E78}.Debug|Any CPU.Build.0 = Debug|Any CPU
		{9332EC00-619A-49CD-8D85-8E1422756E78}.Release|Any CPU.ActiveCfg = Release|Any CPU
		{9332EC00-619A-49CD-8D85-8E1422756E78}.Release|Any CPU.Build.0 = Release|Any CPU
		{6A0CF02C-BAC9-4687-9B1B-FB7D82DEEB3F}.Debug|Any CPU.ActiveCfg = Debug|Any CPU
		{6A0CF02C-BAC9-4687-9B1B-FB7D82DEEB3F}.Debug|Any CPU.Build.0 = Debug|Any CPU
		{6A0CF02C-BAC9-4687-9B1B-FB7D82DEEB3F}.Release|Any CPU.ActiveCfg = Release|Any CPU
		{6A0CF02C-BAC9-4687-9B1B-FB7D82DEEB3F}.Release|Any CPU.Build.0 = Release|Any CPU
		{BE953C4C-C744-4D77-A7F5-63BFD4603C3E}.Debug|Any CPU.ActiveCfg = Debug|Any CPU
		{BE953C4C-C744-4D77-A7F5-63BFD4603C3E}.Debug|Any CPU.Build.0 = Debug|Any CPU
		{BE953C4C-C744-4D77-A7F5-63BFD4603C3E}.Release|Any CPU.ActiveCfg = Release|Any CPU
		{BE953C4C-C744-4D77-A7F5-63BFD4603C3E}.Release|Any CPU.Build.0 = Release|Any CPU
	EndGlobalSection
	GlobalSection(SolutionProperties) = preSolution
		HideSolutionNode = FALSE
	EndGlobalSection
	GlobalSection(NestedProjects) = preSolution
		{EA206027-4316-D855-715C-B002BA7EAEFB} = {620B7719-A4D3-4D2E-98B8-C6C11F3F29DF}
		{BC439168-2E1A-B6CC-7A42-1AD49F5D6CCB} = {620B7719-A4D3-4D2E-98B8-C6C11F3F29DF}
		{011EC86B-F2E3-0AF8-F226-9D7E51E2BDFE} = {620B7719-A4D3-4D2E-98B8-C6C11F3F29DF}
		{E2F70826-3F23-48C2-ACF5-70471A391E8C} = {620B7719-A4D3-4D2E-98B8-C6C11F3F29DF}
		{F69349B9-5042-4E1D-9D19-3C68E82BC347} = {B6B64DB4-8214-4E97-BCAE-F834CC9D429C}
		{18754B5E-A1CD-43CE-8ED9-7185A1CDEB50} = {B6B64DB4-8214-4E97-BCAE-F834CC9D429C}
		{0EDDF4CF-7D44-49E1-BC27-CAC5E0BEDAAB} = {B6B64DB4-8214-4E97-BCAE-F834CC9D429C}
		{58572359-8B71-4BAD-9A7D-3AA9738990FE} = {B6B64DB4-8214-4E97-BCAE-F834CC9D429C}
		{3E0DEE0B-5277-4D3D-BD45-65E4814E77DA} = {B6B64DB4-8214-4E97-BCAE-F834CC9D429C}
		{3B585B06-0A39-48A1-8E9E-78FB752C9567} = {620B7719-A4D3-4D2E-98B8-C6C11F3F29DF}
		{2958F3C8-4A17-4DA0-B67E-8B829244E8A6} = {B6B64DB4-8214-4E97-BCAE-F834CC9D429C}
		{5C2696FC-4ACF-4C40-9DE6-CC03AB9B58FC} = {2E469DE0-E906-46AD-8023-2EAA3339E55B}
		{7D668449-F199-49AF-8B99-D08390B7AF37} = {2E469DE0-E906-46AD-8023-2EAA3339E55B}
		{B6A0256C-FC1B-48D0-83DA-727389B069CE} = {2E469DE0-E906-46AD-8023-2EAA3339E55B}
		{BC0A08B1-3F1F-426B-A98E-C825C593F8A8} = {B6B64DB4-8214-4E97-BCAE-F834CC9D429C}
		{88E3F365-3EFA-4582-83A1-71B86C61CBD4} = {4E0B26E6-B1AA-41FA-BE02-9947E9CD7DF5}
		{F1EBFCB3-2C3C-41EC-977F-5BD88ED16321} = {F4386087-38D2-47DB-977A-A7B116726F16}
		{78154F96-453C-4834-B1C5-DD0FA957BF90} = {F4386087-38D2-47DB-977A-A7B116726F16}
		{1EB822A4-F197-46B7-AA37-DB16AC787A68} = {F4386087-38D2-47DB-977A-A7B116726F16}
		{9E9FF837-71C3-4C33-84CF-856DF4874438} = {4E0B26E6-B1AA-41FA-BE02-9947E9CD7DF5}
		{B42B723B-97E5-4889-8E31-277F1B1E9DB6} = {2E469DE0-E906-46AD-8023-2EAA3339E55B}
		{2AC6C033-21C6-4AED-8571-2D1DB39ECD88} = {2E469DE0-E906-46AD-8023-2EAA3339E55B}
		{47CA9C73-985A-4F7C-8EDC-8B345BF206FA} = {2E469DE0-E906-46AD-8023-2EAA3339E55B}
		{97EC6910-FDBA-4F73-893E-68D7B1C2FA4F} = {2E469DE0-E906-46AD-8023-2EAA3339E55B}
		{EC1C9F28-C6F2-4FC1-9273-E3F3761AD46F} = {2E469DE0-E906-46AD-8023-2EAA3339E55B}
		{9332EC00-619A-49CD-8D85-8E1422756E78} = {2E469DE0-E906-46AD-8023-2EAA3339E55B}
		{6A0CF02C-BAC9-4687-9B1B-FB7D82DEEB3F} = {2E469DE0-E906-46AD-8023-2EAA3339E55B}
		{BE953C4C-C744-4D77-A7F5-63BFD4603C3E} = {2E469DE0-E906-46AD-8023-2EAA3339E55B}
	EndGlobalSection
	GlobalSection(ExtensibilityGlobals) = postSolution
		SolutionGuid = {8C08DE20-491B-46B3-B451-95EA64B8F4AE}
	EndGlobalSection
EndGlobal
